
Microsoft Visual Studio Solution File, Format Version 12.00
# Visual Studio 2013
VisualStudioVersion = 12.0.31101.0
MinimumVisualStudioVersion = 10.0.40219.1
Project("{8BC9CEB8-8B4A-11D0-8D11-00A0C91BC942}") = "OpenGL 2 prog", "OpenGL 2 prog\OpenGL 2 prog.vcxproj", "{F900CC7B-C2E9-4047-9F99-F1F1591E1539}"
EndProject
Global
	GlobalSection(SolutionConfigurationPlatforms) = preSolution
		Debug|Win32 = Debug|Win32
		Release|Win32 = Release|Win32
	EndGlobalSection
	GlobalSection(ProjectConfigurationPlatforms) = postSolution
		{F900CC7B-C2E9-4047-9F99-F1F1591E1539}.Debug|Win32.ActiveCfg = Debug|Win32
		{F900CC7B-C2E9-4047-9F99-F1F1591E1539}.Debug|Win32.Build.0 = Debug|Win32
		{F900CC7B-C2E9-4047-9F99-F1F1591E1539}.Release|Win32.ActiveCfg = Release|Win32
		{F900CC7B-C2E9-4047-9F99-F1F1591E1539}.Release|Win32.Build.0 = Release|Win32
	EndGlobalSection
	GlobalSection(SolutionProperties) = preSolution
		HideSolutionNode = FALSE
	EndGlobalSection
EndGlobal
