
Microsoft Visual Studio Solution File, Format Version 12.00
# Visual Studio 2013
VisualStudioVersion = 12.0.31101.0
MinimumVisualStudioVersion = 10.0.40219.1
Project("{8BC9CEB8-8B4A-11D0-8D11-00A0C91BC942}") = "Dywan Sierpińskiego", "Dywan Sierpińskiego\Dywan Sierpińskiego.vcxproj", "{84C7B12E-52A7-46B8-AB39-A5693D8A697B}"
EndProject
Global
	GlobalSection(SolutionConfigurationPlatforms) = preSolution
		Debug|Win32 = Debug|Win32
		Release|Win32 = Release|Win32
	EndGlobalSection
	GlobalSection(ProjectConfigurationPlatforms) = postSolution
		{84C7B12E-52A7-46B8-AB39-A5693D8A697B}.Debug|Win32.ActiveCfg = Debug|Win32
		{84C7B12E-52A7-46B8-AB39-A5693D8A697B}.Debug|Win32.Build.0 = Debug|Win32
		{84C7B12E-52A7-46B8-AB39-A5693D8A697B}.Release|Win32.ActiveCfg = Release|Win32
		{84C7B12E-52A7-46B8-AB39-A5693D8A697B}.Release|Win32.Build.0 = Release|Win32
	EndGlobalSection
	GlobalSection(SolutionProperties) = preSolution
		HideSolutionNode = FALSE
	EndGlobalSection
EndGlobal
